{
    "_meta": {
        "hash": {
            "sha256": "4ddf40f13c362f4c9762c27afba6073cf6f82ebf700d4b984bfd754ba280fa48"
        },
        "pipfile-spec": 6,
        "requires": {
            "python_full_version": "3.9.6",
            "python_version": "3.9"
        },
        "sources": [
            {
                "name": "pypi",
                "url": "https://pypi.org/simple",
                "verify_ssl": true
            }
        ]
    },
    "default": {
        "amqp": {
            "hashes": [
                "sha256:43b3319e1b4e7d1251833a93d672b4af1e40f3d632d479b98661a95f117880a2",
                "sha256:cddc00c725449522023bad949f70fff7b48f0b1ade74d170a6f10ab044739432"
            ],
            "markers": "python_version >= '3.6'",
            "version": "==5.3.1"
        },
        "billiard": {
            "hashes": [
                "sha256:12b641b0c539073fc8d3f5b8b7be998956665c4233c7c1fcd66a7e677c4fb36f",
                "sha256:40b59a4ac8806ba2c2369ea98d876bc6108b051c227baffd928c644d15d8f3cb"
            ],
            "markers": "python_version >= '3.7'",
            "version": "==4.2.1"
        },
        "celery": {
            "extras": [
                "filesystem"
            ],
            "hashes": [
                "sha256:0b5761a07057acee94694464ca482416b959568904c9dfa41ce8413a7d65d525",
                "sha256:6c972ae7968c2b5281227f01c3a3f984037d21c5129d07bf3550cc2afc6b10a5"
            ],
            "markers": "python_version >= '3.8'",
            "version": "==5.5.3"
        },
        "click": {
            "hashes": [
                "sha256:63c132bbbed01578a06712a2d1f497bb62d9c1c0d329b7903a866228027263b2",
                "sha256:ed53c9d8990d83c2a27deae68e4ee337473f6330c040a31d4225c9574d16096a"
            ],
            "markers": "python_version >= '3.7'",
            "version": "==8.1.8"
        },
        "click-didyoumean": {
            "hashes": [
                "sha256:4f82fdff0dbe64ef8ab2279bd6aa3f6a99c3b28c05aa09cbfc07c9d7fbb5a463",
                "sha256:5c4bb6007cfea5f2fd6583a2fb6701a22a41eb98957e63d0fac41c10e7c3117c"
            ],
            "markers": "python_full_version >= '3.6.2'",
            "version": "==0.3.1"
        },
        "click-plugins": {
            "hashes": [
                "sha256:46ab999744a9d831159c3411bb0c79346d94a444df9a3a3742e9ed63645f264b",
                "sha256:5d262006d3222f5057fd81e1623d4443e41dcda5dc815c06b442aa3c02889fc8"
            ],
            "version": "==1.1.1"
        },
        "click-repl": {
            "hashes": [
                "sha256:17849c23dba3d667247dc4defe1757fff98694e90fe37474f3feebb69ced26a9",
                "sha256:fb7e06deb8da8de86180a33a9da97ac316751c094c6899382da7feeeeb51b812"
            ],
            "markers": "python_version >= '3.6'",
            "version": "==0.3.0"
        },
        "kombu": {
            "hashes": [
                "sha256:886600168275ebeada93b888e831352fe578168342f0d1d5833d88ba0d847363",
                "sha256:a12ed0557c238897d8e518f1d1fdf84bd1516c5e305af2dacd85c2015115feb8"
            ],
            "markers": "python_version >= '3.8'",
            "version": "==5.5.4"
        },
        "packaging": {
            "hashes": [
                "sha256:29572ef2b1f17581046b3a2227d5c611fb25ec70ca1ba8554b24b0e69331a484",
                "sha256:d443872c98d677bf60f6a1f2f8c1cb748e8fe762d2bf9d3148b5599295b0fc4f"
            ],
            "markers": "python_version >= '3.8'",
            "version": "==25.0"
        },
        "prompt-toolkit": {
            "hashes": [
                "sha256:52742911fde84e2d423e2f9a4cf1de7d7ac4e51958f648d9540e0fb8db077b07",
                "sha256:931a162e3b27fc90c86f1b48bb1fb2c528c2761475e57c9c06de13311c7b54ed"
            ],
            "markers": "python_version >= '3.8'",
            "version": "==3.0.51"
        },
        "python-dateutil": {
            "hashes": [
                "sha256:37dd54208da7e1cd875388217d5e00ebd4179249f90fb72437e91a35459a0ad3",
                "sha256:a8b2bc7bffae282281c8140a97d3aa9c14da0b136dfe83f850eea9a5f7470427"
            ],
            "markers": "python_version >= '2.7' and python_version not in '3.0, 3.1, 3.2'",
            "version": "==2.9.0.post0"
        },
        "six": {
            "hashes": [
                "sha256:4721f391ed90541fddacab5acf947aa0d3dc7d27b2e1e8eda2be8970586c3274",
                "sha256:ff70335d468e7eb6ec65b95b99d3a2836546063f63acc5171de367e834932a81"
            ],
            "markers": "python_version >= '2.7' and python_version not in '3.0, 3.1, 3.2'",
            "version": "==1.17.0"
        },
        "tzdata": {
            "hashes": [
                "sha256:1a403fada01ff9221ca8044d701868fa132215d84beb92242d9acd2147f667a8",
                "sha256:b60a638fcc0daffadf82fe0f57e53d06bdec2f36c4df66280ae79bce6bd6f2b9"
            ],
            "markers": "python_version >= '2'",
            "version": "==2025.2"
        },
        "vine": {
            "hashes": [
                "sha256:40fdf3c48b2cfe1c38a49e9ae2da6fda88e4794c810050a728bd7413811fb1dc",
                "sha256:8b62e981d35c41049211cf62a0a1242d8c1ee9bd15bb196ce38aefd6799e61e0"
            ],
            "markers": "python_version >= '3.6'",
            "version": "==5.1.0"
        },
        "wcwidth": {
            "hashes": [
                "sha256:3da69048e4540d84af32131829ff948f1e022c1c6bdb8d6102117aac784f6859",
                "sha256:72ea0c06399eb286d978fdedb6923a9eb47e1c486ce63e9b4e64fc18303972b5"
            ],
            "version": "==0.2.13"
        }
    },
    "develop": {}
}
